
Microsoft Visual Studio Solution File, Format Version 12.00
# Visual Studio Version 16
VisualStudioVersion = 16.0.29306.81
MinimumVisualStudioVersion = 10.0.40219.1
Project("{FAE04EC0-301F-11D3-BF4B-00C04F79EFBC}") = "SinCos", "SinCos\SinCos.csproj", "{82F5534E-91D3-4C01-89B3-412CBF35AF68}"
EndProject
Global
	GlobalSection(SolutionConfigurationPlatforms) = preSolution
		Debug|Any CPU = Debug|Any CPU
		Release|Any CPU = Release|Any CPU
	EndGlobalSection
	GlobalSection(ProjectConfigurationPlatforms) = postSolution
		{82F5534E-91D3-4C01-89B3-412CBF35AF68}.Debug|Any CPU.ActiveCfg = Debug|Any CPU
		{82F5534E-91D3-4C01-89B3-412CBF35AF68}.Debug|Any CPU.Build.0 = Debug|Any CPU
		{82F5534E-91D3-4C01-89B3-412CBF35AF68}.Release|Any CPU.ActiveCfg = Release|Any CPU
		{82F5534E-91D3-4C01-89B3-412CBF35AF68}.Release|Any CPU.Build.0 = Release|Any CPU
	EndGlobalSection
	GlobalSection(SolutionProperties) = preSolution
		HideSolutionNode = FALSE
	EndGlobalSection
	GlobalSection(ExtensibilityGlobals) = postSolution
		SolutionGuid = {773DE582-D980-413C-9172-CD4F84B80E97}
	EndGlobalSection
EndGlobal
