
Microsoft Visual Studio Solution File, Format Version 12.00
# Visual Studio Version 16
VisualStudioVersion = 16.0.29306.81
MinimumVisualStudioVersion = 10.0.40219.1
Project("{FAE04EC0-301F-11D3-BF4B-00C04F79EFBC}") = "ПлотностьВоздуха", "ПлотностьВоздуха\ПлотностьВоздуха.csproj", "{6926C243-F85E-4B0F-8BE6-F1F70CBE81DE}"
EndProject
Global
	GlobalSection(SolutionConfigurationPlatforms) = preSolution
		Debug|Any CPU = Debug|Any CPU
		Release|Any CPU = Release|Any CPU
	EndGlobalSection
	GlobalSection(ProjectConfigurationPlatforms) = postSolution
		{6926C243-F85E-4B0F-8BE6-F1F70CBE81DE}.Debug|Any CPU.ActiveCfg = Debug|Any CPU
		{6926C243-F85E-4B0F-8BE6-F1F70CBE81DE}.Debug|Any CPU.Build.0 = Debug|Any CPU
		{6926C243-F85E-4B0F-8BE6-F1F70CBE81DE}.Release|Any CPU.ActiveCfg = Release|Any CPU
		{6926C243-F85E-4B0F-8BE6-F1F70CBE81DE}.Release|Any CPU.Build.0 = Release|Any CPU
	EndGlobalSection
	GlobalSection(SolutionProperties) = preSolution
		HideSolutionNode = FALSE
	EndGlobalSection
	GlobalSection(ExtensibilityGlobals) = postSolution
		SolutionGuid = {CA373365-6FED-4A72-BB13-C7C51110A531}
	EndGlobalSection
EndGlobal
